<?xml version="1.0" encoding="utf-8"?>
<Project ToolsVersion="4.0" xmlns="http://schemas.microsoft.com/developer/msbuild/2003">
  <ItemGroup>
    <ClCompile Include="Hash_1_완주하지 못한 선수.cpp" />
    <ClCompile Include="10845_큐.cpp" />
    <ClCompile Include="10881_프로도의 선물 포장.cpp" />
    <ClCompile Include="cg2_프로그래밍 경진대회.cpp" />
    <ClCompile Include="cg95_점프.cpp" />
    <ClCompile Include="4-4_HamiltonianCycles.c" />
    <ClCompile Include="4-5_n-QueenProblem.c" />
    <ClCompile Include="4-6_MovementOfWallDoor.c" />
    <ClCompile Include="5-1_CircularCall.c" />
    <ClCompile Include="5-2_GoodSequence.c" />
  </ItemGroup>
</Project>